
Microsoft Visual Studio Solution File, Format Version 12.00
# Visual Studio Version 17
VisualStudioVersion = 17.0.31903.59
MinimumVisualStudioVersion = 10.0.40219.1
Project("{2150E333-8FDC-42A3-9474-1A3956D46DE8}") = "Microservices", "Microservices", "{60A1E115-6A46-4CB5-A8E6-55E1FA85F6F9}"
EndProject
Project("{FAE04EC0-301F-11D3-BF4B-00C04F79EFBC}") = "EventsManager", "Microservices\EventsManager\EventsManager.csproj", "{F21A8F49-720B-44CC-8C07-5CDF971E3899}"
EndProject
Global
	GlobalSection(SolutionConfigurationPlatforms) = preSolution
		Debug|Any CPU = Debug|Any CPU
		Release|Any CPU = Release|Any CPU
	EndGlobalSection
	GlobalSection(ProjectConfigurationPlatforms) = postSolution
		{F21A8F49-720B-44CC-8C07-5CDF971E3899}.Debug|Any CPU.ActiveCfg = Debug|Any CPU
		{F21A8F49-720B-44CC-8C07-5CDF971E3899}.Debug|Any CPU.Build.0 = Debug|Any CPU
		{F21A8F49-720B-44CC-8C07-5CDF971E3899}.Release|Any CPU.ActiveCfg = Release|Any CPU
		{F21A8F49-720B-44CC-8C07-5CDF971E3899}.Release|Any CPU.Build.0 = Release|Any CPU
	EndGlobalSection
	GlobalSection(SolutionProperties) = preSolution
		HideSolutionNode = FALSE
	EndGlobalSection
	GlobalSection(NestedProjects) = preSolution
		{F21A8F49-720B-44CC-8C07-5CDF971E3899} = {60A1E115-6A46-4CB5-A8E6-55E1FA85F6F9}
	EndGlobalSection
EndGlobal
